// !$*UTF8*$!
{
	archiveVersion = 1;
	classes = {
	};
	objectVersion = 48;
	objects = {

/* Begin PBXBuildFile section */
		9B8C9B721FBC479000CA62EA /* AppDelegate.swift in Sources */ = {isa = PBXBuildFile; fileRef = 9B8C9B711FBC479000CA62EA /* AppDelegate.swift */; };
		9B8C9B741FBC479100CA62EA /* ViewController.swift in Sources */ = {isa = PBXBuildFile; fileRef = 9B8C9B731FBC479100CA62EA /* ViewController.swift */; };
		9B8C9B771FBC479100CA62EA /* Main.storyboard in Resources */ = {isa = PBXBuildFile; fileRef = 9B8C9B751FBC479100CA62EA /* Main.storyboard */; };
		9B8C9B7A1FBC479200CA62EA /* mapapplication.xcdatamodeld in Sources */ = {isa = PBXBuildFile; fileRef = 9B8C9B781FBC479100CA62EA /* mapapplication.xcdatamodeld */; };
		9B8C9B7C1FBC479200CA62EA /* Assets.xcassets in Resources */ = {isa = PBXBuildFile; fileRef = 9B8C9B7B1FBC479200CA62EA /* Assets.xcassets */; };
		9B8C9B7F1FBC479200CA62EA /* LaunchScreen.storyboard in Resources */ = {isa = PBXBuildFile; fileRef = 9B8C9B7D1FBC479200CA62EA /* LaunchScreen.storyboard */; };
/* End PBXBuildFile section */

/* Begin PBXFileReference section */
		9B8C9B6E1FBC479000CA62EA /* mapapplication.app */ = {isa = PBXFileReference; explicitFileType = wrapper.application; includeInIndex = 0; path = mapapplication.app; sourceTree = BUILT_PRODUCTS_DIR; };
		9B8C9B711FBC479000CA62EA /* AppDelegate.swift */ = {isa = PBXFileReference; lastKnownFileType = sourcecode.swift; path = AppDelegate.swift; sourceTree = "<group>"; };
		9B8C9B731FBC479100CA62EA /* ViewController.swift */ = {isa = PBXFileReference; lastKnownFileType = sourcecode.swift; path = ViewController.swift; sourceTree = "<group>"; };
		9B8C9B761FBC479100CA62EA /* Base */ = {isa = PBXFileReference; lastKnownFileType = file.storyboard; name = Base; path = Base.lproj/Main.storyboard; sourceTree = "<group>"; };
		9B8C9B791FBC479100CA62EA /* mapapplication.xcdatamodel */ = {isa = PBXFileReference; lastKnownFileType = wrapper.xcdatamodel; path = mapapplication.xcdatamodel; sourceTree = "<group>"; };
		9B8C9B7B1FBC479200CA62EA /* Assets.xcassets */ = {isa = PBXFileReference; lastKnownFileType = folder.assetcatalog; path = Assets.xcassets; sourceTree = "<group>"; };
		9B8C9B7E1FBC479200CA62EA /* Base */ = {isa = PBXFileReference; lastKnownFileType = file.storyboard; name = Base; path = Base.lproj/LaunchScreen.storyboard; sourceTree = "<group>"; };
		9B8C9B801FBC479200CA62EA /* Info.plist */ = {isa = PBXFileReference; lastKnownFileType = text.plist.xml; path = Info.plist; sourceTree = "<group>"; };
/* End PBXFileReference section */

/* Begin PBXFrameworksBuildPhase section */
		9B8C9B6B1FBC479000CA62EA /* Frameworks */ = {
			isa = PBXFrameworksBuildPhase;
			buildActionMask = 2147483647;
			files = (
			);
			runOnlyForDeploymentPostprocessing = 0;
		};
/* End PBXFrameworksBuildPhase section */

/* Begin PBXGroup section */
		9B8C9B651FBC479000CA62EA = {
			isa = PBXGroup;
			children = (
				9B8C9B701FBC479000CA62EA /* mapapplication */,
				9B8C9B6F1FBC479000CA62EA /* Products */,
			);
			sourceTree = "<group>";
		};
		9B8C9B6F1FBC479000CA62EA /* Products */ = {
			isa = PBXGroup;
			children = (
				9B8C9B6E1FBC479000CA62EA /* mapapplication.app */,
			);
			name = Products;
			sourceTree = "<group>";
		};
		9B8C9B701FBC479000CA62EA /* mapapplication */ = {
			isa = PBXGroup;
			children = (
				9B8C9B711FBC479000CA62EA /* AppDelegate.swift */,
				9B8C9B731FBC479100CA62EA /* ViewController.swift */,
				9B8C9B751FBC479100CA62EA /* Main.storyboard */,
				9B8C9B7B1FBC479200CA62EA /* Assets.xcassets */,
				9B8C9B7D1FBC479200CA62EA /* LaunchScreen.storyboard */,
				9B8C9B801FBC479200CA62EA /* Info.plist */,
				9B8C9B781FBC479100CA62EA /* mapapplication.xcdatamodeld */,
			);
			path = mapapplication;
			sourceTree = "<group>";
		};
/* End PBXGroup section */

/* Begin PBXNativeTarget section */
		9B8C9B6D1FBC479000CA62EA /* mapapplication */ = {
			isa = PBXNativeTarget;
			buildConfigurationList = 9B8C9B831FBC479200CA62EA /* Build configuration list for PBXNativeTarget "mapapplication" */;
			buildPhases = (
				9B8C9B6A1FBC479000CA62EA /* Sources */,
				9B8C9B6B1FBC479000CA62EA /* Frameworks */,
				9B8C9B6C1FBC479000CA62EA /* Resources */,
			);
			buildRules = (
			);
			dependencies = (
			);
			name = mapapplication;
			productName = mapapplication;
			productReference = 9B8C9B6E1FBC479000CA62EA /* mapapplication.app */;
			productType = "com.apple.product-type.application";
		};
/* End PBXNativeTarget section */

/* Begin PBXProject section */
		9B8C9B661FBC479000CA62EA /* Project object */ = {
			isa = PBXProject;
			attributes = {
				LastSwiftUpdateCheck = 0900;
				LastUpgradeCheck = 0900;
				ORGANIZATIONNAME = MacStudent;
				TargetAttributes = {
					9B8C9B6D1FBC479000CA62EA = {
						CreatedOnToolsVersion = 9.0;
						ProvisioningStyle = Automatic;
					};
				};
			};
			buildConfigurationList = 9B8C9B691FBC479000CA62EA /* Build configuration list for PBXProject "mapapplication" */;
			compatibilityVersion = "Xcode 8.0";
			developmentRegion = en;
			hasScannedForEncodings = 0;
			knownRegions = (
				en,
				Base,
			);
			mainGroup = 9B8C9B651FBC479000CA62EA;
			productRefGroup = 9B8C9B6F1FBC479000CA62EA /* Products */;
			projectDirPath = "";
			projectRoot = "";
			targets = (
				9B8C9B6D1FBC479000CA62EA /* mapapplication */,
			);
		};
/* End PBXProject section */

/* Begin PBXResourcesBuildPhase section */
		9B8C9B6C1FBC479000CA62EA /* Resources */ = {
			isa = PBXResourcesBuildPhase;
			buildActionMask = 2147483647;
			files = (
				9B8C9B7F1FBC479200CA62EA /* LaunchScreen.storyboard in Resources */,
				9B8C9B7C1FBC479200CA62EA /* Assets.xcassets in Resources */,
				9B8C9B771FBC479100CA62EA /* Main.storyboard in Resources */,
			);
			runOnlyForDeploymentPostprocessing = 0;
		};
/* End PBXResourcesBuildPhase section */

/* Begin PBXSourcesBuildPhase section */
		9B8C9B6A1FBC479000CA62EA /* Sources */ = {
			isa = PBXSourcesBuildPhase;
			buildActionMask = 2147483647;
			files = (
				9B8C9B7A1FBC479200CA62EA /* mapapplication.xcdatamodeld in Sources */,
				9B8C9B741FBC479100CA62EA /* ViewController.swift in Sources */,
				9B8C9B721FBC479000CA62EA /* AppDelegate.swift in Sources */,
			);
			runOnlyForDeploymentPostprocessing = 0;
		};
/* End PBXSourcesBuildPhase section */

/* Begin PBXVariantGroup section */
		9B8C9B751FBC479100CA62EA /* Main.storyboard */ = {
			isa = PBXVariantGroup;
			children = (
				9B8C9B761FBC479100CA62EA /* Base */,
			);
			name = Main.storyboard;
			sourceTree = "<group>";
		};
		9B8C9B7D1FBC479200CA62EA /* LaunchScreen.storyboard */ = {
			isa = PBXVariantGroup;
			children = (
				9B8C9B7E1FBC479200CA62EA /* Base */,
			);
			name = LaunchScreen.storyboard;
			sourceTree = "<group>";
		};
/* End PBXVariantGroup section */

/* Begin XCBuildConfiguration section */
		9B8C9B811FBC479200CA62EA /* Debug */ = {
			isa = XCBuildConfiguration;
			buildSettings = {
				ALWAYS_SEARCH_USER_PATHS = NO;
				CLANG_ANALYZER_NONNULL = YES;
				CLANG_ANALYZER_NUMBER_OBJECT_CONVERSION = YES_AGGRESSIVE;
				CLANG_CXX_LANGUAGE_STANDARD = "gnu++14";
				CLANG_CXX_LIBRARY = "libc++";
				CLANG_ENABLE_MODULES = YES;
				CLANG_ENABLE_OBJC_ARC = YES;
				CLANG_WARN_BLOCK_CAPTURE_AUTORELEASING = YES;
				CLANG_WARN_BOOL_CONVERSION = YES;
				CLANG_WARN_COMMA = YES;
				CLANG_WARN_CONSTANT_CONVERSION = YES;
				CLANG_WARN_DIRECT_OBJC_ISA_USAGE = YES_ERROR;
				CLANG_WARN_DOCUMENTATION_COMMENTS = YES;
				CLANG_WARN_EMPTY_BODY = YES;
				CLANG_WARN_ENUM_CONVERSION = YES;
				CLANG_WARN_INFINITE_RECURSION = YES;
				CLANG_WARN_INT_CONVERSION = YES;
				CLANG_WARN_NON_LITERAL_NULL_CONVERSION = YES;
				CLANG_WARN_OBJC_LITERAL_CONVERSION = YES;
				CLANG_WARN_OBJC_ROOT_CLASS = YES_ERROR;
				CLANG_WARN_RANGE_LOOP_ANALYSIS = YES;
				CLANG_WARN_STRICT_PROTOTYPES = YES;
				CLANG_WARN_SUSPICIOUS_MOVE = YES;
				CLANG_WARN_UNGUARDED_AVAILABILITY = YES_AGGRESSIVE;
				CLANG_WARN_UNREACHABLE_CODE = YES;
				CLANG_WARN__DUPLICATE_METHOD_MATCH = YES;
				CODE_SIGN_IDENTITY = "iPhone Developer";
				COPY_PHASE_STRIP = NO;
				DEBUG_INFORMATION_FORMAT = dwarf;
				ENABLE_STRICT_OBJC_MSGSEND = YES;
				ENABLE_TESTABILITY = YES;
				GCC_C_LANGUAGE_STANDARD = gnu11;
				GCC_DYNAMIC_NO_PIC = NO;
				GCC_NO_COMMON_BLOCKS = YES;
				GCC_OPTIMIZATION_LEVEL = 0;
				GCC_PREPROCESSOR_DEFINITIONS = (
					"DEBUG=1",
					"$(inherited)",
				);
				GCC_WARN_64_TO_32_BIT_CONVERSION = YES;
				GCC_WARN_ABOUT_RETURN_TYPE = YES_ERROR;
				GCC_WARN_UNDECLARED_SELECTOR = YES;
				GCC_WARN_UNINITIALIZED_AUTOS = YES_AGGRESSIVE;
				GCC_WARN_UNUSED_FUNCTION = YES;
				GCC_WARN_UNUSED_VARIABLE = YES;
				IPHONEOS_DEPLOYMENT_TARGET = 11.0;
				MTL_ENABLE_DEBUG_INFO = YES;
				ONLY_ACTIVE_ARCH = YES;
				SDKROOT = iphoneos;
				SWIFT_ACTIVE_COMPILATION_CONDITIONS = DEBUG;
				SWIFT_OPTIMIZATION_LEVEL = "-Onone";
			};
			name = Debug;
		};
		9B8C9B821FBC479200CA62EA /* Release */ = {
			isa = XCBuildConfiguration;
			buildSettings = {
				ALWAYS_SEARCH_USER_PATHS = NO;
				CLANG_ANALYZER_NONNULL = YES;
				CLANG_ANALYZER_NUMBER_OBJECT_CONVERSION = YES_AGGRESSIVE;
				CLANG_CXX_LANGUAGE_STANDARD = "gnu++14";
				CLANG_CXX_LIBRARY = "libc++";
				CLANG_ENABLE_MODULES = YES;
				CLANG_ENABLE_OBJC_ARC = YES;
				CLANG_WARN_BLOCK_CAPTURE_AUTORELEASING = YES;
				CLANG_WARN_BOOL_CONVERSION = YES;
				CLANG_WARN_COMMA = YES;
				CLANG_WARN_CONSTANT_CONVERSION = YES;
				CLANG_WARN_DIRECT_OBJC_ISA_USAGE = YES_ERROR;
				CLANG_WARN_DOCUMENTATION_COMMENTS = YES;
				CLANG_WARN_EMPTY_BODY = YES;
				CLANG_WARN_ENUM_CONVERSION = YES;
				CLANG_WARN_INFINITE_RECURSION = YES;
				CLANG_WARN_INT_CONVERSION = YES;
				CLANG_WARN_NON_LITERAL_NULL_CONVERSION = YES;
				CLANG_WARN_OBJC_LITERAL_CONVERSION = YES;
				CLANG_WARN_OBJC_ROOT_CLASS = YES_ERROR;
				CLANG_WARN_RANGE_LOOP_ANALYSIS = YES;
				CLANG_WARN_STRICT_PROTOTYPES = YES;
				CLANG_WARN_SUSPICIOUS_MOVE = YES;
				CLANG_WARN_UNGUARDED_AVAILABILITY = YES_AGGRESSIVE;
				CLANG_WARN_UNREACHABLE_CODE = YES;
				CLANG_WARN__DUPLICATE_METHOD_MATCH = YES;
				CODE_SIGN_IDENTITY = "iPhone Developer";
				COPY_PHASE_STRIP = NO;
				DEBUG_INFORMATION_FORMAT = "dwarf-with-dsym";
				ENABLE_NS_ASSERTIONS = NO;
				ENABLE_STRICT_OBJC_MSGSEND = YES;
				GCC_C_LANGUAGE_STANDARD = gnu11;
				GCC_NO_COMMON_BLOCKS = YES;
				GCC_WARN_64_TO_32_BIT_CONVERSION = YES;
				GCC_WARN_ABOUT_RETURN_TYPE = YES_ERROR;
				GCC_WARN_UNDECLARED_SELECTOR = YES;
				GCC_WARN_UNINITIALIZED_AUTOS = YES_AGGRESSIVE;
				GCC_WARN_UNUSED_FUNCTION = YES;
				GCC_WARN_UNUSED_VARIABLE = YES;
				IPHONEOS_DEPLOYMENT_TARGET = 11.0;
				MTL_ENABLE_DEBUG_INFO = NO;
				SDKROOT = iphoneos;
				SWIFT_OPTIMIZATION_LEVEL = "-Owholemodule";
				VALIDATE_PRODUCT = YES;
			};
			name = Release;
		};
		9B8C9B841FBC479200CA62EA /* Debug */ = {
			isa = XCBuildConfiguration;
			buildSettings = {
				ASSETCATALOG_COMPILER_APPICON_NAME = AppIcon;
				CODE_SIGN_STYLE = Automatic;
				INFOPLIST_FILE = mapapplication/Info.plist;
				LD_RUNPATH_SEARCH_PATHS = "$(inherited) @executable_path/Frameworks";
				PRODUCT_BUNDLE_IDENTIFIER = CestarCollege.mapapplication;
				PRODUCT_NAME = "$(TARGET_NAME)";
				SWIFT_VERSION = 4.0;
				TARGETED_DEVICE_FAMILY = "1,2";
			};
			name = Debug;
		};
		9B8C9B851FBC479200CA62EA /* Release */ = {
			isa = XCBuildConfiguration;
			buildSettings = {
				ASSETCATALOG_COMPILER_APPICON_NAME = AppIcon;
				CODE_SIGN_STYLE = Automatic;
				INFOPLIST_FILE = mapapplication/Info.plist;
				LD_RUNPATH_SEARCH_PATHS = "$(inherited) @executable_path/Frameworks";
				PRODUCT_BUNDLE_IDENTIFIER = CestarCollege.mapapplication;
				PRODUCT_NAME = "$(TARGET_NAME)";
				SWIFT_VERSION = 4.0;
				TARGETED_DEVICE_FAMILY = "1,2";
			};
			name = Release;
		};
/* End XCBuildConfiguration section */

/* Begin XCConfigurationList section */
		9B8C9B691FBC479000CA62EA /* Build configuration list for PBXProject "mapapplication" */ = {
			isa = XCConfigurationList;
			buildConfigurations = (
				9B8C9B811FBC479200CA62EA /* Debug */,
				9B8C9B821FBC479200CA62EA /* Release */,
			);
			defaultConfigurationIsVisible = 0;
			defaultConfigurationName = Release;
		};
		9B8C9B831FBC479200CA62EA /* Build configuration list for PBXNativeTarget "mapapplication" */ = {
			isa = XCConfigurationList;
			buildConfigurations = (
				9B8C9B841FBC479200CA62EA /* Debug */,
				9B8C9B851FBC479200CA62EA /* Release */,
			);
			defaultConfigurationIsVisible = 0;
			defaultConfigurationName = Release;
		};
/* End XCConfigurationList section */

/* Begin XCVersionGroup section */
		9B8C9B781FBC479100CA62EA /* mapapplication.xcdatamodeld */ = {
			isa = XCVersionGroup;
			children = (
				9B8C9B791FBC479100CA62EA /* mapapplication.xcdatamodel */,
			);
			currentVersion = 9B8C9B791FBC479100CA62EA /* mapapplication.xcdatamodel */;
			path = mapapplication.xcdatamodeld;
			sourceTree = "<group>";
			versionGroupType = wrapper.xcdatamodel;
		};
/* End XCVersionGroup section */
	};
	rootObject = 9B8C9B661FBC479000CA62EA /* Project object */;
}
