// !$*UTF8*$!
{
	archiveVersion = 1;
	classes = {
	};
	objectVersion = 46;
	objects = {

/* Begin PBXBuildFile section */
		9B49FDE71FB1C67100B141DC /* AppDelegate.swift in Sources */ = {isa = PBXBuildFile; fileRef = 9B49FDE61FB1C67100B141DC /* AppDelegate.swift */; };
		9B49FDE91FB1C67100B141DC /* ViewController.swift in Sources */ = {isa = PBXBuildFile; fileRef = 9B49FDE81FB1C67100B141DC /* ViewController.swift */; };
		9B49FDEC1FB1C67100B141DC /* Main.storyboard in Resources */ = {isa = PBXBuildFile; fileRef = 9B49FDEA1FB1C67100B141DC /* Main.storyboard */; };
		9B49FDEF1FB1C67100B141DC /* CommonUIControl.xcdatamodeld in Sources */ = {isa = PBXBuildFile; fileRef = 9B49FDED1FB1C67100B141DC /* CommonUIControl.xcdatamodeld */; };
		9B49FDF11FB1C67100B141DC /* Assets.xcassets in Resources */ = {isa = PBXBuildFile; fileRef = 9B49FDF01FB1C67100B141DC /* Assets.xcassets */; };
		9B49FDF41FB1C67100B141DC /* LaunchScreen.storyboard in Resources */ = {isa = PBXBuildFile; fileRef = 9B49FDF21FB1C67100B141DC /* LaunchScreen.storyboard */; };
/* End PBXBuildFile section */

/* Begin PBXFileReference section */
		9B49FDE31FB1C67100B141DC /* CommonUIControl.app */ = {isa = PBXFileReference; explicitFileType = wrapper.application; includeInIndex = 0; path = CommonUIControl.app; sourceTree = BUILT_PRODUCTS_DIR; };
		9B49FDE61FB1C67100B141DC /* AppDelegate.swift */ = {isa = PBXFileReference; lastKnownFileType = sourcecode.swift; path = AppDelegate.swift; sourceTree = "<group>"; };
		9B49FDE81FB1C67100B141DC /* ViewController.swift */ = {isa = PBXFileReference; lastKnownFileType = sourcecode.swift; path = ViewController.swift; sourceTree = "<group>"; };
		9B49FDEB1FB1C67100B141DC /* Base */ = {isa = PBXFileReference; lastKnownFileType = file.storyboard; name = Base; path = Base.lproj/Main.storyboard; sourceTree = "<group>"; };
		9B49FDEE1FB1C67100B141DC /* CommonUIControl.xcdatamodel */ = {isa = PBXFileReference; lastKnownFileType = wrapper.xcdatamodel; path = CommonUIControl.xcdatamodel; sourceTree = "<group>"; };
		9B49FDF01FB1C67100B141DC /* Assets.xcassets */ = {isa = PBXFileReference; lastKnownFileType = folder.assetcatalog; path = Assets.xcassets; sourceTree = "<group>"; };
		9B49FDF31FB1C67100B141DC /* Base */ = {isa = PBXFileReference; lastKnownFileType = file.storyboard; name = Base; path = Base.lproj/LaunchScreen.storyboard; sourceTree = "<group>"; };
		9B49FDF51FB1C67100B141DC /* Info.plist */ = {isa = PBXFileReference; lastKnownFileType = text.plist.xml; path = Info.plist; sourceTree = "<group>"; };
/* End PBXFileReference section */

/* Begin PBXFrameworksBuildPhase section */
		9B49FDE01FB1C67100B141DC /* Frameworks */ = {
			isa = PBXFrameworksBuildPhase;
			buildActionMask = 2147483647;
			files = (
			);
			runOnlyForDeploymentPostprocessing = 0;
		};
/* End PBXFrameworksBuildPhase section */

/* Begin PBXGroup section */
		9B49FDDA1FB1C67100B141DC = {
			isa = PBXGroup;
			children = (
				9B49FDE51FB1C67100B141DC /* CommonUIControl */,
				9B49FDE41FB1C67100B141DC /* Products */,
			);
			sourceTree = "<group>";
		};
		9B49FDE41FB1C67100B141DC /* Products */ = {
			isa = PBXGroup;
			children = (
				9B49FDE31FB1C67100B141DC /* CommonUIControl.app */,
			);
			name = Products;
			sourceTree = "<group>";
		};
		9B49FDE51FB1C67100B141DC /* CommonUIControl */ = {
			isa = PBXGroup;
			children = (
				9B49FDE61FB1C67100B141DC /* AppDelegate.swift */,
				9B49FDE81FB1C67100B141DC /* ViewController.swift */,
				9B49FDEA1FB1C67100B141DC /* Main.storyboard */,
				9B49FDF01FB1C67100B141DC /* Assets.xcassets */,
				9B49FDF21FB1C67100B141DC /* LaunchScreen.storyboard */,
				9B49FDF51FB1C67100B141DC /* Info.plist */,
				9B49FDED1FB1C67100B141DC /* CommonUIControl.xcdatamodeld */,
			);
			path = CommonUIControl;
			sourceTree = "<group>";
		};
/* End PBXGroup section */

/* Begin PBXNativeTarget section */
		9B49FDE21FB1C67100B141DC /* CommonUIControl */ = {
			isa = PBXNativeTarget;
			buildConfigurationList = 9B49FDF81FB1C67100B141DC /* Build configuration list for PBXNativeTarget "CommonUIControl" */;
			buildPhases = (
				9B49FDDF1FB1C67100B141DC /* Sources */,
				9B49FDE01FB1C67100B141DC /* Frameworks */,
				9B49FDE11FB1C67100B141DC /* Resources */,
			);
			buildRules = (
			);
			dependencies = (
			);
			name = CommonUIControl;
			productName = CommonUIControl;
			productReference = 9B49FDE31FB1C67100B141DC /* CommonUIControl.app */;
			productType = "com.apple.product-type.application";
		};
/* End PBXNativeTarget section */

/* Begin PBXProject section */
		9B49FDDB1FB1C67100B141DC /* Project object */ = {
			isa = PBXProject;
			attributes = {
				LastSwiftUpdateCheck = 0830;
				LastUpgradeCheck = 0830;
				ORGANIZATIONNAME = MacStudent;
				TargetAttributes = {
					9B49FDE21FB1C67100B141DC = {
						CreatedOnToolsVersion = 8.3.3;
						ProvisioningStyle = Automatic;
					};
				};
			};
			buildConfigurationList = 9B49FDDE1FB1C67100B141DC /* Build configuration list for PBXProject "CommonUIControl" */;
			compatibilityVersion = "Xcode 3.2";
			developmentRegion = English;
			hasScannedForEncodings = 0;
			knownRegions = (
				en,
				Base,
			);
			mainGroup = 9B49FDDA1FB1C67100B141DC;
			productRefGroup = 9B49FDE41FB1C67100B141DC /* Products */;
			projectDirPath = "";
			projectRoot = "";
			targets = (
				9B49FDE21FB1C67100B141DC /* CommonUIControl */,
			);
		};
/* End PBXProject section */

/* Begin PBXResourcesBuildPhase section */
		9B49FDE11FB1C67100B141DC /* Resources */ = {
			isa = PBXResourcesBuildPhase;
			buildActionMask = 2147483647;
			files = (
				9B49FDF41FB1C67100B141DC /* LaunchScreen.storyboard in Resources */,
				9B49FDF11FB1C67100B141DC /* Assets.xcassets in Resources */,
				9B49FDEC1FB1C67100B141DC /* Main.storyboard in Resources */,
			);
			runOnlyForDeploymentPostprocessing = 0;
		};
/* End PBXResourcesBuildPhase section */

/* Begin PBXSourcesBuildPhase section */
		9B49FDDF1FB1C67100B141DC /* Sources */ = {
			isa = PBXSourcesBuildPhase;
			buildActionMask = 2147483647;
			files = (
				9B49FDE91FB1C67100B141DC /* ViewController.swift in Sources */,
				9B49FDE71FB1C67100B141DC /* AppDelegate.swift in Sources */,
				9B49FDEF1FB1C67100B141DC /* CommonUIControl.xcdatamodeld in Sources */,
			);
			runOnlyForDeploymentPostprocessing = 0;
		};
/* End PBXSourcesBuildPhase section */

/* Begin PBXVariantGroup section */
		9B49FDEA1FB1C67100B141DC /* Main.storyboard */ = {
			isa = PBXVariantGroup;
			children = (
				9B49FDEB1FB1C67100B141DC /* Base */,
			);
			name = Main.storyboard;
			sourceTree = "<group>";
		};
		9B49FDF21FB1C67100B141DC /* LaunchScreen.storyboard */ = {
			isa = PBXVariantGroup;
			children = (
				9B49FDF31FB1C67100B141DC /* Base */,
			);
			name = LaunchScreen.storyboard;
			sourceTree = "<group>";
		};
/* End PBXVariantGroup section */

/* Begin XCBuildConfiguration section */
		9B49FDF61FB1C67100B141DC /* Debug */ = {
			isa = XCBuildConfiguration;
			buildSettings = {
				ALWAYS_SEARCH_USER_PATHS = NO;
				CLANG_ANALYZER_NONNULL = YES;
				CLANG_ANALYZER_NUMBER_OBJECT_CONVERSION = YES_AGGRESSIVE;
				CLANG_CXX_LANGUAGE_STANDARD = "gnu++0x";
				CLANG_CXX_LIBRARY = "libc++";
				CLANG_ENABLE_MODULES = YES;
				CLANG_ENABLE_OBJC_ARC = YES;
				CLANG_WARN_BOOL_CONVERSION = YES;
				CLANG_WARN_CONSTANT_CONVERSION = YES;
				CLANG_WARN_DIRECT_OBJC_ISA_USAGE = YES_ERROR;
				CLANG_WARN_DOCUMENTATION_COMMENTS = YES;
				CLANG_WARN_EMPTY_BODY = YES;
				CLANG_WARN_ENUM_CONVERSION = YES;
				CLANG_WARN_INFINITE_RECURSION = YES;
				CLANG_WARN_INT_CONVERSION = YES;
				CLANG_WARN_OBJC_ROOT_CLASS = YES_ERROR;
				CLANG_WARN_SUSPICIOUS_MOVE = YES;
				CLANG_WARN_UNREACHABLE_CODE = YES;
				CLANG_WARN__DUPLICATE_METHOD_MATCH = YES;
				"CODE_SIGN_IDENTITY[sdk=iphoneos*]" = "iPhone Developer";
				COPY_PHASE_STRIP = NO;
				DEBUG_INFORMATION_FORMAT = dwarf;
				ENABLE_STRICT_OBJC_MSGSEND = YES;
				ENABLE_TESTABILITY = YES;
				GCC_C_LANGUAGE_STANDARD = gnu99;
				GCC_DYNAMIC_NO_PIC = NO;
				GCC_NO_COMMON_BLOCKS = YES;
				GCC_OPTIMIZATION_LEVEL = 0;
				GCC_PREPROCESSOR_DEFINITIONS = (
					"DEBUG=1",
					"$(inherited)",
				);
				GCC_WARN_64_TO_32_BIT_CONVERSION = YES;
				GCC_WARN_ABOUT_RETURN_TYPE = YES_ERROR;
				GCC_WARN_UNDECLARED_SELECTOR = YES;
				GCC_WARN_UNINITIALIZED_AUTOS = YES_AGGRESSIVE;
				GCC_WARN_UNUSED_FUNCTION = YES;
				GCC_WARN_UNUSED_VARIABLE = YES;
				IPHONEOS_DEPLOYMENT_TARGET = 10.3;
				MTL_ENABLE_DEBUG_INFO = YES;
				ONLY_ACTIVE_ARCH = YES;
				SDKROOT = iphoneos;
				SWIFT_ACTIVE_COMPILATION_CONDITIONS = DEBUG;
				SWIFT_OPTIMIZATION_LEVEL = "-Onone";
			};
			name = Debug;
		};
		9B49FDF71FB1C67100B141DC /* Release */ = {
			isa = XCBuildConfiguration;
			buildSettings = {
				ALWAYS_SEARCH_USER_PATHS = NO;
				CLANG_ANALYZER_NONNULL = YES;
				CLANG_ANALYZER_NUMBER_OBJECT_CONVERSION = YES_AGGRESSIVE;
				CLANG_CXX_LANGUAGE_STANDARD = "gnu++0x";
				CLANG_CXX_LIBRARY = "libc++";
				CLANG_ENABLE_MODULES = YES;
				CLANG_ENABLE_OBJC_ARC = YES;
				CLANG_WARN_BOOL_CONVERSION = YES;
				CLANG_WARN_CONSTANT_CONVERSION = YES;
				CLANG_WARN_DIRECT_OBJC_ISA_USAGE = YES_ERROR;
				CLANG_WARN_DOCUMENTATION_COMMENTS = YES;
				CLANG_WARN_EMPTY_BODY = YES;
				CLANG_WARN_ENUM_CONVERSION = YES;
				CLANG_WARN_INFINITE_RECURSION = YES;
				CLANG_WARN_INT_CONVERSION = YES;
				CLANG_WARN_OBJC_ROOT_CLASS = YES_ERROR;
				CLANG_WARN_SUSPICIOUS_MOVE = YES;
				CLANG_WARN_UNREACHABLE_CODE = YES;
				CLANG_WARN__DUPLICATE_METHOD_MATCH = YES;
				"CODE_SIGN_IDENTITY[sdk=iphoneos*]" = "iPhone Developer";
				COPY_PHASE_STRIP = NO;
				DEBUG_INFORMATION_FORMAT = "dwarf-with-dsym";
				ENABLE_NS_ASSERTIONS = NO;
				ENABLE_STRICT_OBJC_MSGSEND = YES;
				GCC_C_LANGUAGE_STANDARD = gnu99;
				GCC_NO_COMMON_BLOCKS = YES;
				GCC_WARN_64_TO_32_BIT_CONVERSION = YES;
				GCC_WARN_ABOUT_RETURN_TYPE = YES_ERROR;
				GCC_WARN_UNDECLARED_SELECTOR = YES;
				GCC_WARN_UNINITIALIZED_AUTOS = YES_AGGRESSIVE;
				GCC_WARN_UNUSED_FUNCTION = YES;
				GCC_WARN_UNUSED_VARIABLE = YES;
				IPHONEOS_DEPLOYMENT_TARGET = 10.3;
				MTL_ENABLE_DEBUG_INFO = NO;
				SDKROOT = iphoneos;
				SWIFT_OPTIMIZATION_LEVEL = "-Owholemodule";
				VALIDATE_PRODUCT = YES;
			};
			name = Release;
		};
		9B49FDF91FB1C67100B141DC /* Debug */ = {
			isa = XCBuildConfiguration;
			buildSettings = {
				ASSETCATALOG_COMPILER_APPICON_NAME = AppIcon;
				INFOPLIST_FILE = CommonUIControl/Info.plist;
				LD_RUNPATH_SEARCH_PATHS = "$(inherited) @executable_path/Frameworks";
				PRODUCT_BUNDLE_IDENTIFIER = CestarCollege.CommonUIControl;
				PRODUCT_NAME = "$(TARGET_NAME)";
				SWIFT_VERSION = 3.0;
			};
			name = Debug;
		};
		9B49FDFA1FB1C67100B141DC /* Release */ = {
			isa = XCBuildConfiguration;
			buildSettings = {
				ASSETCATALOG_COMPILER_APPICON_NAME = AppIcon;
				INFOPLIST_FILE = CommonUIControl/Info.plist;
				LD_RUNPATH_SEARCH_PATHS = "$(inherited) @executable_path/Frameworks";
				PRODUCT_BUNDLE_IDENTIFIER = CestarCollege.CommonUIControl;
				PRODUCT_NAME = "$(TARGET_NAME)";
				SWIFT_VERSION = 3.0;
			};
			name = Release;
		};
/* End XCBuildConfiguration section */

/* Begin XCConfigurationList section */
		9B49FDDE1FB1C67100B141DC /* Build configuration list for PBXProject "CommonUIControl" */ = {
			isa = XCConfigurationList;
			buildConfigurations = (
				9B49FDF61FB1C67100B141DC /* Debug */,
				9B49FDF71FB1C67100B141DC /* Release */,
			);
			defaultConfigurationIsVisible = 0;
			defaultConfigurationName = Release;
		};
		9B49FDF81FB1C67100B141DC /* Build configuration list for PBXNativeTarget "CommonUIControl" */ = {
			isa = XCConfigurationList;
			buildConfigurations = (
				9B49FDF91FB1C67100B141DC /* Debug */,
				9B49FDFA1FB1C67100B141DC /* Release */,
			);
			defaultConfigurationIsVisible = 0;
		};
/* End XCConfigurationList section */

/* Begin XCVersionGroup section */
		9B49FDED1FB1C67100B141DC /* CommonUIControl.xcdatamodeld */ = {
			isa = XCVersionGroup;
			children = (
				9B49FDEE1FB1C67100B141DC /* CommonUIControl.xcdatamodel */,
			);
			currentVersion = 9B49FDEE1FB1C67100B141DC /* CommonUIControl.xcdatamodel */;
			path = CommonUIControl.xcdatamodeld;
			sourceTree = "<group>";
			versionGroupType = wrapper.xcdatamodel;
		};
/* End XCVersionGroup section */
	};
	rootObject = 9B49FDDB1FB1C67100B141DC /* Project object */;
}
